
Microsoft Visual Studio Solution File, Format Version 12.00
# Visual Studio Version 16
VisualStudioVersion = 25.0.1705.0
MinimumVisualStudioVersion = 10.0.40219.1
Project("{FAE04EC0-301F-11D3-BF4B-00C04F79EFBC}") = "GitActionsDemo", "GitActionsDemo\GitActionsDemo.csproj", "{7499AD6D-4542-4F01-97E1-CB9BE184F3F6}"
EndProject
Global
	GlobalSection(SolutionConfigurationPlatforms) = preSolution
		Debug|Any CPU = Debug|Any CPU
		Release|Any CPU = Release|Any CPU
	EndGlobalSection
	GlobalSection(ProjectConfigurationPlatforms) = postSolution
		{7499AD6D-4542-4F01-97E1-CB9BE184F3F6}.Debug|Any CPU.ActiveCfg = Debug|Any CPU
		{7499AD6D-4542-4F01-97E1-CB9BE184F3F6}.Debug|Any CPU.Build.0 = Debug|Any CPU
		{7499AD6D-4542-4F01-97E1-CB9BE184F3F6}.Release|Any CPU.ActiveCfg = Release|Any CPU
		{7499AD6D-4542-4F01-97E1-CB9BE184F3F6}.Release|Any CPU.Build.0 = Release|Any CPU
	EndGlobalSection
	GlobalSection(SolutionProperties) = preSolution
		HideSolutionNode = FALSE
	EndGlobalSection
	GlobalSection(ExtensibilityGlobals) = postSolution
		SolutionGuid = {E349BBA4-F1B6-4867-8542-3DCC4D25DA82}
	EndGlobalSection
EndGlobal
